
Microsoft Visual Studio Solution File, Format Version 12.00
# Visual Studio Version 16
VisualStudioVersion = 16.0.31702.278
MinimumVisualStudioVersion = 10.0.40219.1
Project("{9A19103F-16F7-4668-BE54-9A1E7A4F7556}") = "FloydAlgorithm", "FloydAlgortihm\FloydAlgorithm.csproj", "{2078E03F-D5AC-45B9-91E2-1043D182F6A6}"
EndProject
Global
	GlobalSection(SolutionConfigurationPlatforms) = preSolution
		Debug|Any CPU = Debug|Any CPU
		Release|Any CPU = Release|Any CPU
	EndGlobalSection
	GlobalSection(ProjectConfigurationPlatforms) = postSolution
		{2078E03F-D5AC-45B9-91E2-1043D182F6A6}.Debug|Any CPU.ActiveCfg = Debug|Any CPU
		{2078E03F-D5AC-45B9-91E2-1043D182F6A6}.Debug|Any CPU.Build.0 = Debug|Any CPU
		{2078E03F-D5AC-45B9-91E2-1043D182F6A6}.Release|Any CPU.ActiveCfg = Release|Any CPU
		{2078E03F-D5AC-45B9-91E2-1043D182F6A6}.Release|Any CPU.Build.0 = Release|Any CPU
	EndGlobalSection
	GlobalSection(SolutionProperties) = preSolution
		HideSolutionNode = FALSE
	EndGlobalSection
	GlobalSection(ExtensibilityGlobals) = postSolution
		SolutionGuid = {1452A3C7-D5E3-41E1-B4ED-28DA4DFB0840}
	EndGlobalSection
EndGlobal
